
Microsoft Visual Studio Solution File, Format Version 12.00
# Visual Studio 2012
Project("{FAE04EC0-301F-11D3-BF4B-00C04F79EFBC}") = "ActionGameProject.CSharp", "ActionGameProject.CSharp.csproj", "{A6AE8C42-6802-A29C-2BBA-AA03358F4ABC}"
EndProject
Project("{FAE04EC0-301F-11D3-BF4B-00C04F79EFBC}") = "ActionGameProject.CSharp.Editor", "ActionGameProject.CSharp.Editor.csproj", "{26D6CBF9-1E63-D568-C865-F8F37E2EDAC1}"
EndProject
Global
	GlobalSection(SolutionConfigurationPlatforms) = preSolution
		Debug|Any CPU = Debug|Any CPU
		Release|Any CPU = Release|Any CPU
	EndGlobalSection
	GlobalSection(ProjectConfigurationPlatforms) = postSolution
		{A6AE8C42-6802-A29C-2BBA-AA03358F4ABC}.Debug|Any CPU.ActiveCfg = Debug|Any CPU
		{A6AE8C42-6802-A29C-2BBA-AA03358F4ABC}.Debug|Any CPU.Build.0 = Debug|Any CPU
		{A6AE8C42-6802-A29C-2BBA-AA03358F4ABC}.Release|Any CPU.ActiveCfg = Release|Any CPU
		{A6AE8C42-6802-A29C-2BBA-AA03358F4ABC}.Release|Any CPU.Build.0 = Release|Any CPU
		{26D6CBF9-1E63-D568-C865-F8F37E2EDAC1}.Debug|Any CPU.ActiveCfg = Debug|Any CPU
		{26D6CBF9-1E63-D568-C865-F8F37E2EDAC1}.Debug|Any CPU.Build.0 = Debug|Any CPU
		{26D6CBF9-1E63-D568-C865-F8F37E2EDAC1}.Release|Any CPU.ActiveCfg = Release|Any CPU
		{26D6CBF9-1E63-D568-C865-F8F37E2EDAC1}.Release|Any CPU.Build.0 = Release|Any CPU
	EndGlobalSection
	GlobalSection(SolutionProperties) = preSolution
		HideSolutionNode = FALSE
	EndGlobalSection
EndGlobal
